
Microsoft Visual Studio Solution File, Format Version 12.00
# Visual Studio 15
VisualStudioVersion = 15.0.28307.271
MinimumVisualStudioVersion = 10.0.40219.1
Project("{FAE04EC0-301F-11D3-BF4B-00C04F79EFBC}") = "Lab1", "Lab1\Lab1.csproj", "{00B7C1F1-855F-4D44-AD85-40116098F558}"
EndProject
Global
	GlobalSection(SolutionConfigurationPlatforms) = preSolution
		Debug|Any CPU = Debug|Any CPU
		Release|Any CPU = Release|Any CPU
	EndGlobalSection
	GlobalSection(ProjectConfigurationPlatforms) = postSolution
		{00B7C1F1-855F-4D44-AD85-40116098F558}.Debug|Any CPU.ActiveCfg = Debug|Any CPU
		{00B7C1F1-855F-4D44-AD85-40116098F558}.Debug|Any CPU.Build.0 = Debug|Any CPU
		{00B7C1F1-855F-4D44-AD85-40116098F558}.Release|Any CPU.ActiveCfg = Release|Any CPU
		{00B7C1F1-855F-4D44-AD85-40116098F558}.Release|Any CPU.Build.0 = Release|Any CPU
	EndGlobalSection
	GlobalSection(SolutionProperties) = preSolution
		HideSolutionNode = FALSE
	EndGlobalSection
	GlobalSection(ExtensibilityGlobals) = postSolution
		SolutionGuid = {4DA0F24D-81A4-4D7E-9DD5-1E16D9A2D9FC}
	EndGlobalSection
EndGlobal
